
Microsoft Visual Studio Solution File, Format Version 12.00
# Visual Studio Version 16
VisualStudioVersion = 16.0.31105.61
MinimumVisualStudioVersion = 10.0.40219.1
Project("{FAE04EC0-301F-11D3-BF4B-00C04F79EFBC}") = "MovieCruiserConsole", "MovieCruiserConsole\MovieCruiserConsole.csproj", "{4BDC8925-F697-4962-8A2A-C59A6820973A}"
EndProject
Global
	GlobalSection(SolutionConfigurationPlatforms) = preSolution
		Debug|Any CPU = Debug|Any CPU
		Release|Any CPU = Release|Any CPU
	EndGlobalSection
	GlobalSection(ProjectConfigurationPlatforms) = postSolution
		{4BDC8925-F697-4962-8A2A-C59A6820973A}.Debug|Any CPU.ActiveCfg = Debug|Any CPU
		{4BDC8925-F697-4962-8A2A-C59A6820973A}.Debug|Any CPU.Build.0 = Debug|Any CPU
		{4BDC8925-F697-4962-8A2A-C59A6820973A}.Release|Any CPU.ActiveCfg = Release|Any CPU
		{4BDC8925-F697-4962-8A2A-C59A6820973A}.Release|Any CPU.Build.0 = Release|Any CPU
	EndGlobalSection
	GlobalSection(SolutionProperties) = preSolution
		HideSolutionNode = FALSE
	EndGlobalSection
	GlobalSection(ExtensibilityGlobals) = postSolution
		SolutionGuid = {CABF9944-79FF-4C8B-B3A5-1D1D8B1BE871}
	EndGlobalSection
EndGlobal
